<?xml version="1.0" encoding="utf-8"?>
<Project ToolsVersion="4.0" xmlns="http://schemas.microsoft.com/developer/msbuild/2003">
  <ItemGroup>
    <Filter Include="资源文件">
      <UniqueIdentifier>{67DA6AB6-F800-4c08-8B7A-83BB121AAD01}</UniqueIdentifier>
      <Extensions>rc;ico;cur;bmp;dlg;rc2;rct;bin;rgs;gif;jpg;jpeg;jpe;resx;tiff;tif;png;wav;mfcribbon-ms</Extensions>
    </Filter>
    <Filter Include="src">
      <UniqueIdentifier>{cec57aa2-6cad-4fd0-80e3-5c497ae03b69}</UniqueIdentifier>
    </Filter>
    <Filter Include="src\render">
      <UniqueIdentifier>{d050d9d0-44df-4026-82d5-9c2d01bc8007}</UniqueIdentifier>
    </Filter>
    <Filter Include="src\utility">
      <UniqueIdentifier>{2d598aca-739e-4165-bf69-ddabccfdbc92}</UniqueIdentifier>
    </Filter>
    <Filter Include="src\game">
      <UniqueIdentifier>{e6ecd252-b6df-4c18-b258-3b4865264565}</UniqueIdentifier>
    </Filter>
    <Filter Include="src\scripts">
      <UniqueIdentifier>{faaa18cf-9c32-4e41-9453-e0e98032f7d4}</UniqueIdentifier>
    </Filter>
    <Filter Include="src\scripts\game">
      <UniqueIdentifier>{3bdc379a-49dc-4721-8e5f-06e6a681b791}</UniqueIdentifier>
    </Filter>
    <Filter Include="src\scripts\level">
      <UniqueIdentifier>{ee18058d-44ca-4bdf-98d5-27decc55057c}</UniqueIdentifier>
    </Filter>
    <Filter Include="src\nav">
      <UniqueIdentifier>{ca83446d-cfe5-4940-aa06-f50fe9a0d60d}</UniqueIdentifier>
    </Filter>
  </ItemGroup>
  <ItemGroup>
    <None Include="shader\mine_vertex.glsl">
      <Filter>资源文件</Filter>
    </None>
    <None Include="freeglut.dll">
      <Filter>资源文件</Filter>
    </None>
    <None Include="glew32.dll">
      <Filter>资源文件</Filter>
    </None>
    <None Include="shader\mine_fragment.glsl">
      <Filter>资源文件</Filter>
    </None>
  </ItemGroup>
  <ItemGroup>
    <Library Include="lib\freeglut.lib">
      <Filter>资源文件</Filter>
    </Library>
    <Library Include="lib\glew32.lib">
      <Filter>资源文件</Filter>
    </Library>
    <Library Include="lib\glew32s.lib">
      <Filter>资源文件</Filter>
    </Library>
  </ItemGroup>
  <ItemGroup>
    <ClInclude Include="src\utility\config.h">
      <Filter>src\utility</Filter>
    </ClInclude>
    <ClInclude Include="src\utility\keyboard.h">
      <Filter>src\utility</Filter>
    </ClInclude>
    <ClInclude Include="src\utility\lodepng.h">
      <Filter>src\utility</Filter>
    </ClInclude>
    <ClInclude Include="src\utility\obj.h">
      <Filter>src\utility</Filter>
    </ClInclude>
    <ClInclude Include="src\utility\screenshot.h">
      <Filter>src\utility</Filter>
    </ClInclude>
    <ClInclude Include="src\render\auxiliary.h">
      <Filter>src\render</Filter>
    </ClInclude>
    <ClInclude Include="src\render\render.h">
      <Filter>src\render</Filter>
    </ClInclude>
    <ClInclude Include="src\render\shader.h">
      <Filter>src\render</Filter>
    </ClInclude>
    <ClInclude Include="src\render\shadow.h">
      <Filter>src\render</Filter>
    </ClInclude>
    <ClInclude Include="src\stdafx.h">
      <Filter>src</Filter>
    </ClInclude>
    <ClInclude Include="src\game\block.h">
      <Filter>src\game</Filter>
    </ClInclude>
    <ClInclude Include="src\game\entity.h">
      <Filter>src\game</Filter>
    </ClInclude>
    <ClInclude Include="src\game\item.h">
      <Filter>src\game</Filter>
    </ClInclude>
    <ClInclude Include="src\game\player.h">
      <Filter>src\game</Filter>
    </ClInclude>
    <ClInclude Include="src\game\world.h">
      <Filter>src\game</Filter>
    </ClInclude>
    <ClInclude Include="src\utility\vec.h">
      <Filter>src\utility</Filter>
    </ClInclude>
    <ClInclude Include="src\utility\view.h">
      <Filter>src\utility</Filter>
    </ClInclude>
    <ClInclude Include="src\game\game.h">
      <Filter>src\game</Filter>
    </ClInclude>
    <ClInclude Include="src\game\entity_controller.h">
      <Filter>src\game</Filter>
    </ClInclude>
    <ClInclude Include="src\game\event_manager.h">
      <Filter>src\game</Filter>
    </ClInclude>
    <ClInclude Include="src\utility\string_id.h">
      <Filter>src\utility</Filter>
    </ClInclude>
    <ClInclude Include="src\utility\event_board.h">
      <Filter>src\utility</Filter>
    </ClInclude>
    <ClInclude Include="src\utility\geo.h">
      <Filter>src\utility</Filter>
    </ClInclude>
    <ClInclude Include="src\game\rigid_body.h">
      <Filter>src\game</Filter>
    </ClInclude>
    <ClInclude Include="src\utility\def.h">
      <Filter>src\utility</Filter>
    </ClInclude>
    <ClInclude Include="src\scripts\script.h">
      <Filter>src\scripts</Filter>
    </ClInclude>
    <ClInclude Include="src\scripts\game\sg001.h">
      <Filter>src\scripts\game</Filter>
    </ClInclude>
    <ClInclude Include="src\scripts\level\sl001.h">
      <Filter>src\scripts\level</Filter>
    </ClInclude>
    <ClInclude Include="src\game\gridmap.h">
      <Filter>src\game</Filter>
    </ClInclude>
    <ClInclude Include="src\nav\a_star_solver.h">
      <Filter>src\nav</Filter>
    </ClInclude>
    <ClInclude Include="src\nav\nav.h">
      <Filter>src\nav</Filter>
    </ClInclude>
  </ItemGroup>
  <ItemGroup>
    <ClCompile Include="src\utility\config.cpp">
      <Filter>src\utility</Filter>
    </ClCompile>
    <ClCompile Include="src\utility\keyboard.cpp">
      <Filter>src\utility</Filter>
    </ClCompile>
    <ClCompile Include="src\utility\lodepng.cpp">
      <Filter>src\utility</Filter>
    </ClCompile>
    <ClCompile Include="src\utility\obj.cpp">
      <Filter>src\utility</Filter>
    </ClCompile>
    <ClCompile Include="src\utility\screenshot.cpp">
      <Filter>src\utility</Filter>
    </ClCompile>
    <ClCompile Include="src\render\auxiliary.cpp">
      <Filter>src\render</Filter>
    </ClCompile>
    <ClCompile Include="src\render\render.cpp">
      <Filter>src\render</Filter>
    </ClCompile>
    <ClCompile Include="src\render\shader.cpp">
      <Filter>src\render</Filter>
    </ClCompile>
    <ClCompile Include="src\render\shadow.cpp">
      <Filter>src\render</Filter>
    </ClCompile>
    <ClCompile Include="src\main.cpp">
      <Filter>src</Filter>
    </ClCompile>
    <ClCompile Include="src\game\entity.cpp">
      <Filter>src\game</Filter>
    </ClCompile>
    <ClCompile Include="src\game\player.cpp">
      <Filter>src\game</Filter>
    </ClCompile>
    <ClCompile Include="src\game\world.cpp">
      <Filter>src\game</Filter>
    </ClCompile>
    <ClCompile Include="src\game\game.cpp">
      <Filter>src\game</Filter>
    </ClCompile>
    <ClCompile Include="src\game\entity_controller.cpp">
      <Filter>src\game</Filter>
    </ClCompile>
    <ClCompile Include="src\game\event_manager.cpp">
      <Filter>src\game</Filter>
    </ClCompile>
    <ClCompile Include="src\utility\string_id.cpp">
      <Filter>src\utility</Filter>
    </ClCompile>
    <ClCompile Include="src\utility\event_board.cpp">
      <Filter>src\utility</Filter>
    </ClCompile>
    <ClCompile Include="src\utility\view.cpp">
      <Filter>src\utility</Filter>
    </ClCompile>
    <ClCompile Include="src\game\rigid_body.cpp">
      <Filter>src\game</Filter>
    </ClCompile>
    <ClCompile Include="src\scripts\game\sg001.cpp">
      <Filter>src\scripts\game</Filter>
    </ClCompile>
    <ClCompile Include="src\scripts\script.cpp">
      <Filter>src\scripts</Filter>
    </ClCompile>
    <ClCompile Include="src\scripts\level\sl001.cpp">
      <Filter>src\scripts\level</Filter>
    </ClCompile>
    <ClCompile Include="src\game\gridmap.cpp">
      <Filter>src\game</Filter>
    </ClCompile>
    <ClCompile Include="src\nav\a_star_solver.cpp">
      <Filter>src\nav</Filter>
    </ClCompile>
    <ClCompile Include="src\nav\nav.cpp">
      <Filter>src\nav</Filter>
    </ClCompile>
  </ItemGroup>
</Project>