<?xml version="1.0" encoding="utf-8"?>
<Project ToolsVersion="4.0" xmlns="http://schemas.microsoft.com/developer/msbuild/2003">
  <ItemGroup>
    <Filter Include="资源文件">
      <UniqueIdentifier>{67DA6AB6-F800-4c08-8B7A-83BB121AAD01}</UniqueIdentifier>
      <Extensions>rc;ico;cur;bmp;dlg;rc2;rct;bin;rgs;gif;jpg;jpeg;jpe;resx;tiff;tif;png;wav;mfcribbon-ms</Extensions>
    </Filter>
    <Filter Include="src">
      <UniqueIdentifier>{cec57aa2-6cad-4fd0-80e3-5c497ae03b69}</UniqueIdentifier>
    </Filter>
    <Filter Include="src\core">
      <UniqueIdentifier>{f4ea8050-6ae8-4e5e-8f19-e1c624124f89}</UniqueIdentifier>
    </Filter>
    <Filter Include="src\render">
      <UniqueIdentifier>{d050d9d0-44df-4026-82d5-9c2d01bc8007}</UniqueIdentifier>
    </Filter>
    <Filter Include="src\utility">
      <UniqueIdentifier>{2d598aca-739e-4165-bf69-ddabccfdbc92}</UniqueIdentifier>
    </Filter>
    <Filter Include="src\GL">
      <UniqueIdentifier>{6c6059eb-a8ac-4782-bcde-6a386e4376b4}</UniqueIdentifier>
    </Filter>
  </ItemGroup>
  <ItemGroup>
    <None Include="shader\mine_vertex.glsl">
      <Filter>资源文件</Filter>
    </None>
    <None Include="freeglut.dll">
      <Filter>资源文件</Filter>
    </None>
    <None Include="glew32.dll">
      <Filter>资源文件</Filter>
    </None>
    <None Include="shader\mine_fragment.glsl">
      <Filter>资源文件</Filter>
    </None>
  </ItemGroup>
  <ItemGroup>
    <Library Include="lib\freeglut.lib">
      <Filter>资源文件</Filter>
    </Library>
    <Library Include="lib\glew32.lib">
      <Filter>资源文件</Filter>
    </Library>
    <Library Include="lib\glew32s.lib">
      <Filter>资源文件</Filter>
    </Library>
  </ItemGroup>
  <ItemGroup>
    <ClInclude Include="src\core\block.h">
      <Filter>src\core</Filter>
    </ClInclude>
    <ClInclude Include="src\core\entity.h">
      <Filter>src\core</Filter>
    </ClInclude>
    <ClInclude Include="src\core\item.h">
      <Filter>src\core</Filter>
    </ClInclude>
    <ClInclude Include="src\core\vec.h">
      <Filter>src\core</Filter>
    </ClInclude>
    <ClInclude Include="src\core\view.h">
      <Filter>src\core</Filter>
    </ClInclude>
    <ClInclude Include="src\core\world.h">
      <Filter>src\core</Filter>
    </ClInclude>
    <ClInclude Include="src\utility\config.h">
      <Filter>src\utility</Filter>
    </ClInclude>
    <ClInclude Include="src\utility\keyboard.h">
      <Filter>src\utility</Filter>
    </ClInclude>
    <ClInclude Include="src\utility\lodepng.h">
      <Filter>src\utility</Filter>
    </ClInclude>
    <ClInclude Include="src\utility\obj.h">
      <Filter>src\utility</Filter>
    </ClInclude>
    <ClInclude Include="src\utility\screenshot.h">
      <Filter>src\utility</Filter>
    </ClInclude>
    <ClInclude Include="src\render\auxiliary.h">
      <Filter>src\render</Filter>
    </ClInclude>
    <ClInclude Include="src\render\render.h">
      <Filter>src\render</Filter>
    </ClInclude>
    <ClInclude Include="src\render\shader.h">
      <Filter>src\render</Filter>
    </ClInclude>
    <ClInclude Include="src\render\shadow.h">
      <Filter>src\render</Filter>
    </ClInclude>
    <ClInclude Include="src\GL\freeglut.h">
      <Filter>src\GL</Filter>
    </ClInclude>
    <ClInclude Include="src\GL\freeglut_ext.h">
      <Filter>src\GL</Filter>
    </ClInclude>
    <ClInclude Include="src\GL\freeglut_std.h">
      <Filter>src\GL</Filter>
    </ClInclude>
    <ClInclude Include="src\GL\glew.h">
      <Filter>src\GL</Filter>
    </ClInclude>
    <ClInclude Include="src\GL\glut.h">
      <Filter>src\GL</Filter>
    </ClInclude>
    <ClInclude Include="src\GL\glxew.h">
      <Filter>src\GL</Filter>
    </ClInclude>
    <ClInclude Include="src\GL\wglew.h">
      <Filter>src\GL</Filter>
    </ClInclude>
    <ClInclude Include="src\stdafx.h">
      <Filter>src</Filter>
    </ClInclude>
  </ItemGroup>
  <ItemGroup>
    <ClCompile Include="src\core\entity.cpp">
      <Filter>src\core</Filter>
    </ClCompile>
    <ClCompile Include="src\core\view.cpp">
      <Filter>src\core</Filter>
    </ClCompile>
    <ClCompile Include="src\core\world.cpp">
      <Filter>src\core</Filter>
    </ClCompile>
    <ClCompile Include="src\utility\config.cpp">
      <Filter>src\utility</Filter>
    </ClCompile>
    <ClCompile Include="src\utility\keyboard.cpp">
      <Filter>src\utility</Filter>
    </ClCompile>
    <ClCompile Include="src\utility\lodepng.cpp">
      <Filter>src\utility</Filter>
    </ClCompile>
    <ClCompile Include="src\utility\obj.cpp">
      <Filter>src\utility</Filter>
    </ClCompile>
    <ClCompile Include="src\utility\screenshot.cpp">
      <Filter>src\utility</Filter>
    </ClCompile>
    <ClCompile Include="src\render\auxiliary.cpp">
      <Filter>src\render</Filter>
    </ClCompile>
    <ClCompile Include="src\render\render.cpp">
      <Filter>src\render</Filter>
    </ClCompile>
    <ClCompile Include="src\render\shader.cpp">
      <Filter>src\render</Filter>
    </ClCompile>
    <ClCompile Include="src\render\shadow.cpp">
      <Filter>src\render</Filter>
    </ClCompile>
    <ClCompile Include="src\main.cpp">
      <Filter>src</Filter>
    </ClCompile>
  </ItemGroup>
</Project>